
Microsoft Visual Studio Solution File, Format Version 9.00
# Visual Studio 2005
Project("{8BC9CEB8-8B4A-11D0-8D11-00A0C91BC942}") = "SMC", "SMC.vcproj", "{815651E3-AF2D-4B2B-8DA3-47533ECB5DA7}"
EndProject
Global
	GlobalSection(SolutionConfigurationPlatforms) = preSolution
		Debug|Win32 = Debug|Win32
		Release|Win32 = Release|Win32
	EndGlobalSection
	GlobalSection(ProjectConfigurationPlatforms) = postSolution
		{815651E3-AF2D-4B2B-8DA3-47533ECB5DA7}.Debug|Win32.ActiveCfg = Debug|Win32
		{815651E3-AF2D-4B2B-8DA3-47533ECB5DA7}.Debug|Win32.Build.0 = Debug|Win32
		{815651E3-AF2D-4B2B-8DA3-47533ECB5DA7}.Release|Win32.ActiveCfg = Release|Win32
		{815651E3-AF2D-4B2B-8DA3-47533ECB5DA7}.Release|Win32.Build.0 = Release|Win32
	EndGlobalSection
	GlobalSection(SolutionProperties) = preSolution
		HideSolutionNode = FALSE
	EndGlobalSection
EndGlobal
